
Microsoft Visual Studio Solution File, Format Version 12.00
# Visual Studio Version 17
VisualStudioVersion = 17.14.36518.9 d17.14
MinimumVisualStudioVersion = 10.0.40219.1
Project("{2150E333-8FDC-42A3-9474-1A3956D46DE8}") = "src", "src", "{02EA681E-C7D8-13C7-8484-4AC65E1B71E8}"
EndProject
Project("{2150E333-8FDC-42A3-9474-1A3956D46DE8}") = "tests", "tests", "{13B0BA60-B4B5-4E43-80C1-8509D3A49496}"
EndProject
Project("{FAE04EC0-301F-11D3-BF4B-00C04F79EFBC}") = "STG.Api", "STG.Api\STG.Api.csproj", "{65A96278-D3B3-1769-1376-36164030BEA5}"
EndProject
Project("{FAE04EC0-301F-11D3-BF4B-00C04F79EFBC}") = "JD.STG.AppHost", "JD.STG.AppHost\JD.STG.AppHost.csproj", "{6648AB16-6BA3-461E-A005-BB1BEF8C13C0}"
EndProject
Project("{FAE04EC0-301F-11D3-BF4B-00C04F79EFBC}") = "JD.STG.ServiceDefaults", "JD.STG.ServiceDefaults\JD.STG.ServiceDefaults.csproj", "{0B7660E9-729E-5013-D217-8D297E3335A1}"
EndProject
Project("{FAE04EC0-301F-11D3-BF4B-00C04F79EFBC}") = "STG.Application", "STG.Application\STG.Application.csproj", "{4702B6C5-5EFC-4D3A-86E0-7E7926F85496}"
EndProject
Project("{FAE04EC0-301F-11D3-BF4B-00C04F79EFBC}") = "STG.Domain", "STG.Domain\STG.Domain.csproj", "{B6CEC128-35F1-4444-8749-D9D710A36074}"
EndProject
Project("{FAE04EC0-301F-11D3-BF4B-00C04F79EFBC}") = "STG.Infrastructure", "STG.Infrastructure\STG.Infrastructure.csproj", "{34DE6177-E34A-445C-845F-E017916DC1CB}"
EndProject
Project("{FAE04EC0-301F-11D3-BF4B-00C04F79EFBC}") = "STG.UnitTests", "STG.UnitTests\STG.UnitTests.csproj", "{9A9669AA-98D2-409C-9935-8B3EDAA5BD17}"
EndProject
Project("{FAE04EC0-301F-11D3-BF4B-00C04F79EFBC}") = "STG.IntegrationTests", "STG.IntegrationTests\STG.IntegrationTests.csproj", "{A1498FBD-B6B1-405C-A0A6-2A785E109A5B}"
EndProject
Global
	GlobalSection(SolutionConfigurationPlatforms) = preSolution
		Debug|Any CPU = Debug|Any CPU
		Release|Any CPU = Release|Any CPU
	EndGlobalSection
	GlobalSection(ProjectConfigurationPlatforms) = postSolution
		{65A96278-D3B3-1769-1376-36164030BEA5}.Debug|Any CPU.ActiveCfg = Debug|Any CPU
		{65A96278-D3B3-1769-1376-36164030BEA5}.Debug|Any CPU.Build.0 = Debug|Any CPU
		{65A96278-D3B3-1769-1376-36164030BEA5}.Release|Any CPU.ActiveCfg = Release|Any CPU
		{65A96278-D3B3-1769-1376-36164030BEA5}.Release|Any CPU.Build.0 = Release|Any CPU
		{6648AB16-6BA3-461E-A005-BB1BEF8C13C0}.Debug|Any CPU.ActiveCfg = Debug|Any CPU
		{6648AB16-6BA3-461E-A005-BB1BEF8C13C0}.Debug|Any CPU.Build.0 = Debug|Any CPU
		{6648AB16-6BA3-461E-A005-BB1BEF8C13C0}.Release|Any CPU.ActiveCfg = Release|Any CPU
		{6648AB16-6BA3-461E-A005-BB1BEF8C13C0}.Release|Any CPU.Build.0 = Release|Any CPU
		{0B7660E9-729E-5013-D217-8D297E3335A1}.Debug|Any CPU.ActiveCfg = Debug|Any CPU
		{0B7660E9-729E-5013-D217-8D297E3335A1}.Debug|Any CPU.Build.0 = Debug|Any CPU
		{0B7660E9-729E-5013-D217-8D297E3335A1}.Release|Any CPU.ActiveCfg = Release|Any CPU
		{0B7660E9-729E-5013-D217-8D297E3335A1}.Release|Any CPU.Build.0 = Release|Any CPU
		{4702B6C5-5EFC-4D3A-86E0-7E7926F85496}.Debug|Any CPU.ActiveCfg = Debug|Any CPU
		{4702B6C5-5EFC-4D3A-86E0-7E7926F85496}.Debug|Any CPU.Build.0 = Debug|Any CPU
		{4702B6C5-5EFC-4D3A-86E0-7E7926F85496}.Release|Any CPU.ActiveCfg = Release|Any CPU
		{4702B6C5-5EFC-4D3A-86E0-7E7926F85496}.Release|Any CPU.Build.0 = Release|Any CPU
		{B6CEC128-35F1-4444-8749-D9D710A36074}.Debug|Any CPU.ActiveCfg = Debug|Any CPU
		{B6CEC128-35F1-4444-8749-D9D710A36074}.Debug|Any CPU.Build.0 = Debug|Any CPU
		{B6CEC128-35F1-4444-8749-D9D710A36074}.Release|Any CPU.ActiveCfg = Release|Any CPU
		{B6CEC128-35F1-4444-8749-D9D710A36074}.Release|Any CPU.Build.0 = Release|Any CPU
		{34DE6177-E34A-445C-845F-E017916DC1CB}.Debug|Any CPU.ActiveCfg = Debug|Any CPU
		{34DE6177-E34A-445C-845F-E017916DC1CB}.Debug|Any CPU.Build.0 = Debug|Any CPU
		{34DE6177-E34A-445C-845F-E017916DC1CB}.Release|Any CPU.ActiveCfg = Release|Any CPU
		{34DE6177-E34A-445C-845F-E017916DC1CB}.Release|Any CPU.Build.0 = Release|Any CPU
		{9A9669AA-98D2-409C-9935-8B3EDAA5BD17}.Debug|Any CPU.ActiveCfg = Debug|Any CPU
		{9A9669AA-98D2-409C-9935-8B3EDAA5BD17}.Debug|Any CPU.Build.0 = Debug|Any CPU
		{9A9669AA-98D2-409C-9935-8B3EDAA5BD17}.Release|Any CPU.ActiveCfg = Release|Any CPU
		{9A9669AA-98D2-409C-9935-8B3EDAA5BD17}.Release|Any CPU.Build.0 = Release|Any CPU
		{A1498FBD-B6B1-405C-A0A6-2A785E109A5B}.Debug|Any CPU.ActiveCfg = Debug|Any CPU
		{A1498FBD-B6B1-405C-A0A6-2A785E109A5B}.Debug|Any CPU.Build.0 = Debug|Any CPU
		{A1498FBD-B6B1-405C-A0A6-2A785E109A5B}.Release|Any CPU.ActiveCfg = Release|Any CPU
		{A1498FBD-B6B1-405C-A0A6-2A785E109A5B}.Release|Any CPU.Build.0 = Release|Any CPU
	EndGlobalSection
	GlobalSection(SolutionProperties) = preSolution
		HideSolutionNode = FALSE
	EndGlobalSection
	GlobalSection(NestedProjects) = preSolution
		{65A96278-D3B3-1769-1376-36164030BEA5} = {02EA681E-C7D8-13C7-8484-4AC65E1B71E8}
		{4702B6C5-5EFC-4D3A-86E0-7E7926F85496} = {02EA681E-C7D8-13C7-8484-4AC65E1B71E8}
		{B6CEC128-35F1-4444-8749-D9D710A36074} = {02EA681E-C7D8-13C7-8484-4AC65E1B71E8}
		{34DE6177-E34A-445C-845F-E017916DC1CB} = {02EA681E-C7D8-13C7-8484-4AC65E1B71E8}
		{9A9669AA-98D2-409C-9935-8B3EDAA5BD17} = {13B0BA60-B4B5-4E43-80C1-8509D3A49496}
		{A1498FBD-B6B1-405C-A0A6-2A785E109A5B} = {13B0BA60-B4B5-4E43-80C1-8509D3A49496}
	EndGlobalSection
	GlobalSection(ExtensibilityGlobals) = postSolution
		SolutionGuid = {19610552-6DFA-4DA3-9238-97C3C8B9A06D}
	EndGlobalSection
EndGlobal
